
Microsoft Visual Studio Solution File, Format Version 12.00
# Visual Studio Version 17
VisualStudioVersion = 17.11.35208.52
MinimumVisualStudioVersion = 10.0.40219.1
Project("{FAE04EC0-301F-11D3-BF4B-00C04F79EFBC}") = "TamplateApiEntity.Application", "TamplateApiEntity.Application\TamplateApiEntity.Application.csproj", "{236FD435-5775-42B2-B20B-EEC60F7537A3}"
EndProject
Project("{FAE04EC0-301F-11D3-BF4B-00C04F79EFBC}") = "TamplateApiEntity.Domain", "TamplateApiEntity.Domain\TamplateApiEntity.Domain.csproj", "{6ACCF1A6-0761-419C-A094-C94DE7EA0EB1}"
EndProject
Project("{FAE04EC0-301F-11D3-BF4B-00C04F79EFBC}") = "TamplateApiEntity.Infrastructure", "TamplateApiEntity.Infrastructure\TamplateApiEntity.Infrastructure.csproj", "{4A64D280-DDB6-418B-8821-02EB4B6847D5}"
EndProject
Project("{FAE04EC0-301F-11D3-BF4B-00C04F79EFBC}") = "TamplateApiEntity.Service", "TamplateApiEntity.Service\TamplateApiEntity.Service.csproj", "{DBC00E57-5076-488B-B360-1226BEB993BD}"
EndProject
Global
	GlobalSection(SolutionConfigurationPlatforms) = preSolution
		Debug|Any CPU = Debug|Any CPU
		Release|Any CPU = Release|Any CPU
	EndGlobalSection
	GlobalSection(ProjectConfigurationPlatforms) = postSolution
		{236FD435-5775-42B2-B20B-EEC60F7537A3}.Debug|Any CPU.ActiveCfg = Debug|Any CPU
		{236FD435-5775-42B2-B20B-EEC60F7537A3}.Debug|Any CPU.Build.0 = Debug|Any CPU
		{236FD435-5775-42B2-B20B-EEC60F7537A3}.Release|Any CPU.ActiveCfg = Release|Any CPU
		{236FD435-5775-42B2-B20B-EEC60F7537A3}.Release|Any CPU.Build.0 = Release|Any CPU
		{6ACCF1A6-0761-419C-A094-C94DE7EA0EB1}.Debug|Any CPU.ActiveCfg = Debug|Any CPU
		{6ACCF1A6-0761-419C-A094-C94DE7EA0EB1}.Debug|Any CPU.Build.0 = Debug|Any CPU
		{6ACCF1A6-0761-419C-A094-C94DE7EA0EB1}.Release|Any CPU.ActiveCfg = Release|Any CPU
		{6ACCF1A6-0761-419C-A094-C94DE7EA0EB1}.Release|Any CPU.Build.0 = Release|Any CPU
		{4A64D280-DDB6-418B-8821-02EB4B6847D5}.Debug|Any CPU.ActiveCfg = Debug|Any CPU
		{4A64D280-DDB6-418B-8821-02EB4B6847D5}.Debug|Any CPU.Build.0 = Debug|Any CPU
		{4A64D280-DDB6-418B-8821-02EB4B6847D5}.Release|Any CPU.ActiveCfg = Release|Any CPU
		{4A64D280-DDB6-418B-8821-02EB4B6847D5}.Release|Any CPU.Build.0 = Release|Any CPU
		{DBC00E57-5076-488B-B360-1226BEB993BD}.Debug|Any CPU.ActiveCfg = Debug|Any CPU
		{DBC00E57-5076-488B-B360-1226BEB993BD}.Debug|Any CPU.Build.0 = Debug|Any CPU
		{DBC00E57-5076-488B-B360-1226BEB993BD}.Release|Any CPU.ActiveCfg = Release|Any CPU
		{DBC00E57-5076-488B-B360-1226BEB993BD}.Release|Any CPU.Build.0 = Release|Any CPU
	EndGlobalSection
	GlobalSection(SolutionProperties) = preSolution
		HideSolutionNode = FALSE
	EndGlobalSection
	GlobalSection(ExtensibilityGlobals) = postSolution
		SolutionGuid = {E4715BD1-3A01-4650-A6DE-1D0FAAE078E8}
	EndGlobalSection
EndGlobal
